github.com/datahookinc/hookscript v0.4.2 h1:hAuPquGMSAZHhoyOLvtwaSwfnV2byoZqChpB6TDl04w=
github.com/datahookinc/hookscript v0.4.2/go.mod h1:VqO8HTdzJdw8+zvajAxsUwF+gLP8lv8qaTfox5IIctU=
github.com/datahookinc/hookscript v0.4.3 h1:2CQec4cRk9Ncw7YoH3VsQ6am9fZJuFUzTGXmr/Bk2tI=
github.com/datahookinc/hookscript v0.4.3/go.mod h1:VqO8HTdzJdw8+zvajAxsUwF+gLP8lv8qaTfox5IIctU=
github.com/datahookinc/hookscript v0.4.4 h1:FPdRIWHqyWARm827qJpa5Ug0wVEapxC+m9md46YCbqM=
github.com/datahookinc/hookscript v0.4.4/go.mod h1:VqO8HTdzJdw8+zvajAxsUwF+gLP8lv8qaTfox5IIctU=
github.com/datahookinc/hookscript v0.4.5 h1:CyH2551ADRSA5MdvuBqLRte4zv+cgviLlHlsMl0s+kU=
github.com/datahookinc/hookscript v0.4.5/go.mod h1:VqO8HTdzJdw8+zvajAxsUwF+gLP8lv8qaTfox5IIctU=
github.com/datahookinc/hookscript v0.4.6 h1:OsPjquibYvsGWi7IQnl2pnEErc0z88dL5HyQAbu9Khs=
github.com/datahookinc/hookscript v0.4.6/go.mod h1:VqO8HTdzJdw8+zvajAxsUwF+gLP8lv8qaTfox5IIctU=
github.com/datahookinc/hookscript v0.5.0 h1:tMEixlbISP4c2nQCdqdXutLrJEB6ujUyyTOyR6g6JrQ=
github.com/datahookinc/hookscript v0.5.0/go.mod h1:cOxy91yG4EhZ5GQX+o4vJgD/yh2HrP/3bptwsfv3FFw=
github.com/davecgh/go-spew v1.1.1 h1:vj9j/u1bqnvCEfJOwUhtlOARqs3+rkHYY13jYWTU97c=
github.com/google/uuid v1.3.0 h1:t6JiXgmwXMjEs8VusXIJk2BXHsn+wx8BZdTaoZ5fu7I=
github.com/google/uuid v1.3.0/go.mod h1:TIyPZe4MgqvfeYDBFedMoGGpEw/LqOeaOT+nhxU+yHo=
github.com/pmezard/go-difflib v1.0.0 h1:4DBwDE0NGyQoBHbLQYPwSUPoCMWR5BEzIk/f1lZbAQM=
github.com/stretchr/testify v1.8.1 h1:w7B6lhMri9wdJUVmEZPGGhZzrYTPvgJArz7wNPgYKsk=
golang.org/x/exp v0.0.0-20221114191408-850992195362 h1:NoHlPRbyl1VFI6FjwHtPQCN7wAMXI6cKcqrmXhOOfBQ=
gopkg.in/yaml.v3 v3.0.1 h1:fxVm/GzAzEWqLHuvctI91KS9hhNmmWOoWu0XTYJS7CA=
